
Microsoft Visual Studio Solution File, Format Version 12.00
# Visual Studio Version 17
VisualStudioVersion = 17.10.35013.160
MinimumVisualStudioVersion = 10.0.40219.1
Project("{FAE04EC0-301F-11D3-BF4B-00C04F79EFBC}") = "TwentyOne", "TwentyOne\TwentyOne.csproj", "{D045F1FB-3087-4D29-A7C1-5B7545A181F2}"
EndProject
Global
	GlobalSection(SolutionConfigurationPlatforms) = preSolution
		Debug|Any CPU = Debug|Any CPU
		Release|Any CPU = Release|Any CPU
	EndGlobalSection
	GlobalSection(ProjectConfigurationPlatforms) = postSolution
		{D045F1FB-3087-4D29-A7C1-5B7545A181F2}.Debug|Any CPU.ActiveCfg = Debug|Any CPU
		{D045F1FB-3087-4D29-A7C1-5B7545A181F2}.Debug|Any CPU.Build.0 = Debug|Any CPU
		{D045F1FB-3087-4D29-A7C1-5B7545A181F2}.Release|Any CPU.ActiveCfg = Release|Any CPU
		{D045F1FB-3087-4D29-A7C1-5B7545A181F2}.Release|Any CPU.Build.0 = Release|Any CPU
	EndGlobalSection
	GlobalSection(SolutionProperties) = preSolution
		HideSolutionNode = FALSE
	EndGlobalSection
	GlobalSection(ExtensibilityGlobals) = postSolution
		SolutionGuid = {1F3AA3C5-8274-468B-8755-436D8DD2639B}
	EndGlobalSection
EndGlobal
