
Microsoft Visual Studio Solution File, Format Version 12.00
# Visual Studio Version 17
VisualStudioVersion = 17.9.34728.123
MinimumVisualStudioVersion = 10.0.40219.1
Project("{FAE04EC0-301F-11D3-BF4B-00C04F79EFBC}") = "PackageQuoteApp", "PackageQuoteApp\PackageQuoteApp.csproj", "{8CB20AF6-A911-4E54-B28C-DC037CF15D26}"
EndProject
Global
	GlobalSection(SolutionConfigurationPlatforms) = preSolution
		Debug|Any CPU = Debug|Any CPU
		Release|Any CPU = Release|Any CPU
	EndGlobalSection
	GlobalSection(ProjectConfigurationPlatforms) = postSolution
		{8CB20AF6-A911-4E54-B28C-DC037CF15D26}.Debug|Any CPU.ActiveCfg = Debug|Any CPU
		{8CB20AF6-A911-4E54-B28C-DC037CF15D26}.Debug|Any CPU.Build.0 = Debug|Any CPU
		{8CB20AF6-A911-4E54-B28C-DC037CF15D26}.Release|Any CPU.ActiveCfg = Release|Any CPU
		{8CB20AF6-A911-4E54-B28C-DC037CF15D26}.Release|Any CPU.Build.0 = Release|Any CPU
	EndGlobalSection
	GlobalSection(SolutionProperties) = preSolution
		HideSolutionNode = FALSE
	EndGlobalSection
	GlobalSection(ExtensibilityGlobals) = postSolution
		SolutionGuid = {5CF85413-B81B-4EBF-9CFF-08823B82EF7B}
	EndGlobalSection
EndGlobal
