
Microsoft Visual Studio Solution File, Format Version 12.00
# Visual Studio Version 17
VisualStudioVersion = 17.10.35013.160
MinimumVisualStudioVersion = 10.0.40219.1
Project("{FAE04EC0-301F-11D3-BF4B-00C04F79EFBC}") = "ExceptionHandling", "ExceptionHandling\ExceptionHandling.csproj", "{464ADFDE-B3DC-4119-97E7-15E33D9ED2B7}"
EndProject
Global
	GlobalSection(SolutionConfigurationPlatforms) = preSolution
		Debug|Any CPU = Debug|Any CPU
		Release|Any CPU = Release|Any CPU
	EndGlobalSection
	GlobalSection(ProjectConfigurationPlatforms) = postSolution
		{464ADFDE-B3DC-4119-97E7-15E33D9ED2B7}.Debug|Any CPU.ActiveCfg = Debug|Any CPU
		{464ADFDE-B3DC-4119-97E7-15E33D9ED2B7}.Debug|Any CPU.Build.0 = Debug|Any CPU
		{464ADFDE-B3DC-4119-97E7-15E33D9ED2B7}.Release|Any CPU.ActiveCfg = Release|Any CPU
		{464ADFDE-B3DC-4119-97E7-15E33D9ED2B7}.Release|Any CPU.Build.0 = Release|Any CPU
	EndGlobalSection
	GlobalSection(SolutionProperties) = preSolution
		HideSolutionNode = FALSE
	EndGlobalSection
	GlobalSection(ExtensibilityGlobals) = postSolution
		SolutionGuid = {96427B47-ACAE-4FE9-A330-D93E16A6C5F3}
	EndGlobalSection
EndGlobal
