
Microsoft Visual Studio Solution File, Format Version 12.00
# Visual Studio Version 17
VisualStudioVersion = 17.10.35013.160
MinimumVisualStudioVersion = 10.0.40219.1
Project("{FAE04EC0-301F-11D3-BF4B-00C04F79EFBC}") = "LambdaExpressionAssignment", "LambdaExpressionAssignment\LambdaExpressionAssignment.csproj", "{4A5AC770-8FEA-4A27-86CF-C3AD8B3A56DB}"
EndProject
Global
	GlobalSection(SolutionConfigurationPlatforms) = preSolution
		Debug|Any CPU = Debug|Any CPU
		Release|Any CPU = Release|Any CPU
	EndGlobalSection
	GlobalSection(ProjectConfigurationPlatforms) = postSolution
		{4A5AC770-8FEA-4A27-86CF-C3AD8B3A56DB}.Debug|Any CPU.ActiveCfg = Debug|Any CPU
		{4A5AC770-8FEA-4A27-86CF-C3AD8B3A56DB}.Debug|Any CPU.Build.0 = Debug|Any CPU
		{4A5AC770-8FEA-4A27-86CF-C3AD8B3A56DB}.Release|Any CPU.ActiveCfg = Release|Any CPU
		{4A5AC770-8FEA-4A27-86CF-C3AD8B3A56DB}.Release|Any CPU.Build.0 = Release|Any CPU
	EndGlobalSection
	GlobalSection(SolutionProperties) = preSolution
		HideSolutionNode = FALSE
	EndGlobalSection
	GlobalSection(ExtensibilityGlobals) = postSolution
		SolutionGuid = {75723149-B403-4E0E-B9AD-1931E842B0D5}
	EndGlobalSection
EndGlobal
