
Microsoft Visual Studio Solution File, Format Version 12.00
# Visual Studio Version 17
VisualStudioVersion = 17.9.34728.123
MinimumVisualStudioVersion = 10.0.40219.1
Project("{FAE04EC0-301F-11D3-BF4B-00C04F79EFBC}") = "StringFunctions", "StringFunctions\StringFunctions.csproj", "{2512AF77-9C93-4BEB-85E1-FBF30859CE7E}"
EndProject
Global
	GlobalSection(SolutionConfigurationPlatforms) = preSolution
		Debug|Any CPU = Debug|Any CPU
		Release|Any CPU = Release|Any CPU
	EndGlobalSection
	GlobalSection(ProjectConfigurationPlatforms) = postSolution
		{2512AF77-9C93-4BEB-85E1-FBF30859CE7E}.Debug|Any CPU.ActiveCfg = Debug|Any CPU
		{2512AF77-9C93-4BEB-85E1-FBF30859CE7E}.Debug|Any CPU.Build.0 = Debug|Any CPU
		{2512AF77-9C93-4BEB-85E1-FBF30859CE7E}.Release|Any CPU.ActiveCfg = Release|Any CPU
		{2512AF77-9C93-4BEB-85E1-FBF30859CE7E}.Release|Any CPU.Build.0 = Release|Any CPU
	EndGlobalSection
	GlobalSection(SolutionProperties) = preSolution
		HideSolutionNode = FALSE
	EndGlobalSection
	GlobalSection(ExtensibilityGlobals) = postSolution
		SolutionGuid = {384C792B-AC33-4574-8FDF-5D239683B0ED}
	EndGlobalSection
EndGlobal
