
Microsoft Visual Studio Solution File, Format Version 12.00
# Visual Studio Version 17
VisualStudioVersion = 17.10.35122.118
MinimumVisualStudioVersion = 10.0.40219.1
Project("{FAE04EC0-301F-11D3-BF4B-00C04F79EFBC}") = "SchoolStudents", "SchoolStudents\SchoolStudents.csproj", "{960480A9-1A35-43F7-89AD-E183B36E8DB4}"
EndProject
Global
	GlobalSection(SolutionConfigurationPlatforms) = preSolution
		Debug|Any CPU = Debug|Any CPU
		Release|Any CPU = Release|Any CPU
	EndGlobalSection
	GlobalSection(ProjectConfigurationPlatforms) = postSolution
		{960480A9-1A35-43F7-89AD-E183B36E8DB4}.Debug|Any CPU.ActiveCfg = Debug|Any CPU
		{960480A9-1A35-43F7-89AD-E183B36E8DB4}.Debug|Any CPU.Build.0 = Debug|Any CPU
		{960480A9-1A35-43F7-89AD-E183B36E8DB4}.Release|Any CPU.ActiveCfg = Release|Any CPU
		{960480A9-1A35-43F7-89AD-E183B36E8DB4}.Release|Any CPU.Build.0 = Release|Any CPU
	EndGlobalSection
	GlobalSection(SolutionProperties) = preSolution
		HideSolutionNode = FALSE
	EndGlobalSection
	GlobalSection(ExtensibilityGlobals) = postSolution
		SolutionGuid = {AAD67025-E342-4C47-AC70-8142E58578F5}
	EndGlobalSection
EndGlobal
